
Microsoft Visual Studio Solution File, Format Version 12.00
# Visual Studio 15
VisualStudioVersion = 15.0.33026.149
MinimumVisualStudioVersion = 10.0.40219.1
Project("{FAE04EC0-301F-11D3-BF4B-00C04F79EFBC}") = "PRACTICE_MP3_ChuyenAnhMauRGB_MucXam", "PRACTICE_MP3_ChuyenAnhMauRGB_MucXam\PRACTICE_MP3_ChuyenAnhMauRGB_MucXam.csproj", "{D88A91F9-33A5-4160-9FD3-292A6B1DB7F3}"
EndProject
Global
	GlobalSection(SolutionConfigurationPlatforms) = preSolution
		Debug|Any CPU = Debug|Any CPU
		Release|Any CPU = Release|Any CPU
	EndGlobalSection
	GlobalSection(ProjectConfigurationPlatforms) = postSolution
		{D88A91F9-33A5-4160-9FD3-292A6B1DB7F3}.Debug|Any CPU.ActiveCfg = Debug|Any CPU
		{D88A91F9-33A5-4160-9FD3-292A6B1DB7F3}.Debug|Any CPU.Build.0 = Debug|Any CPU
		{D88A91F9-33A5-4160-9FD3-292A6B1DB7F3}.Release|Any CPU.ActiveCfg = Release|Any CPU
		{D88A91F9-33A5-4160-9FD3-292A6B1DB7F3}.Release|Any CPU.Build.0 = Release|Any CPU
	EndGlobalSection
	GlobalSection(SolutionProperties) = preSolution
		HideSolutionNode = FALSE
	EndGlobalSection
	GlobalSection(ExtensibilityGlobals) = postSolution
		SolutionGuid = {764FAD3E-0386-4D49-9E15-4E08DFB99BA7}
	EndGlobalSection
EndGlobal
